// !$*UTF8*$!
{
	archiveVersion = 1;
	classes = {
	};
	objectVersion = 46;
	objects = {

/* Begin PBXBuildFile section */
		7E24CDBE10471A4D009722BA /* AEFX_SuiteHelper.c in Sources */ = {isa = PBXBuildFile; fileRef = 7E24CDBC10471A4D009722BA /* AEFX_SuiteHelper.c */; };
		D0136FE00AD2CFDD0012331F /* Smart_Utils.cpp in Sources */ = {isa = PBXBuildFile; fileRef = D0136FDE0AD2CFDD0012331F /* Smart_Utils.cpp */; };
		D05CB6E909C7948A0070A8DA /* AEGP_SuiteHandler.cpp in Sources */ = {isa = PBXBuildFile; fileRef = D05CB6E809C7948A0070A8DA /* AEGP_SuiteHandler.cpp */; };
		D05CB6EC09C7949D0070A8DA /* MissingSuiteError.cpp in Sources */ = {isa = PBXBuildFile; fileRef = D05CB6EB09C7949D0070A8DA /* MissingSuiteError.cpp */; };
		D075387F09940A81000099DF /* gmic_ae.cpp in Sources */ = {isa = PBXBuildFile; fileRef = D075387E09940A81000099DF /* gmic_ae.cpp */; };
		D075388309940AA7000099DF /* EffectPiPL.r in Rez */ = {isa = PBXBuildFile; fileRef = D075388209940AA7000099DF /* EffectPiPL.r */; };
/* End PBXBuildFile section */

/* Begin PBXFileReference section */
		7E24CDBC10471A4D009722BA /* AEFX_SuiteHelper.c */ = {isa = PBXFileReference; fileEncoding = 4; lastKnownFileType = sourcecode.c.c; name = AEFX_SuiteHelper.c; path = ../../../../cs6/Examples/Util/AEFX_SuiteHelper.c; sourceTree = SOURCE_ROOT; };
		7E24CDBD10471A4D009722BA /* AEFX_SuiteHelper.h */ = {isa = PBXFileReference; fileEncoding = 4; lastKnownFileType = sourcecode.c.h; name = AEFX_SuiteHelper.h; path = ../../../../cs6/Examples/Util/AEFX_SuiteHelper.h; sourceTree = SOURCE_ROOT; };
		C4E618CC095A3CE80012CA3F /* gmic_ae.plugin */ = {isa = PBXFileReference; explicitFileType = wrapper.cfbundle; includeInIndex = 0; path = gmic_ae.plugin; sourceTree = BUILT_PRODUCTS_DIR; };
		D0136FDE0AD2CFDD0012331F /* Smart_Utils.cpp */ = {isa = PBXFileReference; fileEncoding = 30; lastKnownFileType = sourcecode.cpp.cpp; name = Smart_Utils.cpp; path = ../../../../cs6/Examples/Util/Smart_Utils.cpp; sourceTree = SOURCE_ROOT; };
		D0136FDF0AD2CFDD0012331F /* Smart_Utils.h */ = {isa = PBXFileReference; fileEncoding = 30; lastKnownFileType = sourcecode.c.h; name = Smart_Utils.h; path = ../../../../cs6/Examples/Util/Smart_Utils.h; sourceTree = SOURCE_ROOT; };
		D042AE6B0A77FAA200D67417 /* AE_Effect.h */ = {isa = PBXFileReference; fileEncoding = 30; lastKnownFileType = sourcecode.c.h; name = AE_Effect.h; path = ../../../../cs6/Examples/Headers/AE_Effect.h; sourceTree = SOURCE_ROOT; };
		D05CB6E809C7948A0070A8DA /* AEGP_SuiteHandler.cpp */ = {isa = PBXFileReference; fileEncoding = 30; lastKnownFileType = sourcecode.cpp.cpp; name = AEGP_SuiteHandler.cpp; path = ../../../../cs6/Examples/Util/AEGP_SuiteHandler.cpp; sourceTree = SOURCE_ROOT; };
		D05CB6EB09C7949D0070A8DA /* MissingSuiteError.cpp */ = {isa = PBXFileReference; fileEncoding = 30; lastKnownFileType = sourcecode.cpp.cpp; name = MissingSuiteError.cpp; path = ../../../../cs6/Examples/Util/MissingSuiteError.cpp; sourceTree = SOURCE_ROOT; };
		D075387E09940A81000099DF /* gmic_ae.cpp */ = {isa = PBXFileReference; fileEncoding = 30; lastKnownFileType = sourcecode.cpp.cpp; name = gmic_ae.cpp; path = ../gmic_ae.cpp; sourceTree = SOURCE_ROOT; };
		D075388209940AA7000099DF /* EffectPiPL.r */ = {isa = PBXFileReference; fileEncoding = 30; lastKnownFileType = sourcecode.rez; name = EffectPiPL.r; path = ../EffectPiPL.r; sourceTree = SOURCE_ROOT; };
/* End PBXFileReference section */

/* Begin PBXFrameworksBuildPhase section */
		C4E618CA095A3CE80012CA3F /* Frameworks */ = {
			isa = PBXFrameworksBuildPhase;
			buildActionMask = 2147483647;
			files = (
			);
			runOnlyForDeploymentPostprocessing = 0;
		};
/* End PBXFrameworksBuildPhase section */

/* Begin PBXGroup section */
		C4E6187C095A3C800012CA3F = {
			isa = PBXGroup;
			children = (
				D075387E09940A81000099DF /* gmic_ae.cpp */,
				D075388209940AA7000099DF /* EffectPiPL.r */,
				D05CB6ED09C794A00070A8DA /* Supporting Code */,
				C4E6188C095A3C800012CA3F /* Products */,
			);
			comments = "See these pixels? Let's move 'em over here. Oh, and blend them with their source pixels.";
			sourceTree = "<group>";
		};
		C4E6188C095A3C800012CA3F /* Products */ = {
			isa = PBXGroup;
			children = (
				C4E618CC095A3CE80012CA3F /* gmic_ae.plugin */,
			);
			name = Products;
			sourceTree = "<group>";
		};
		D05CB6ED09C794A00070A8DA /* Supporting Code */ = {
			isa = PBXGroup;
			children = (
				D042AE6B0A77FAA200D67417 /* AE_Effect.h */,
				7E24CDBC10471A4D009722BA /* AEFX_SuiteHelper.c */,
				7E24CDBD10471A4D009722BA /* AEFX_SuiteHelper.h */,
				D05CB6E809C7948A0070A8DA /* AEGP_SuiteHandler.cpp */,
				D05CB6EB09C7949D0070A8DA /* MissingSuiteError.cpp */,
				D0136FDE0AD2CFDD0012331F /* Smart_Utils.cpp */,
				D0136FDF0AD2CFDD0012331F /* Smart_Utils.h */,
			);
			name = "Supporting Code";
			sourceTree = "<group>";
		};
/* End PBXGroup section */

/* Begin PBXNativeTarget section */
		C4E618CB095A3CE80012CA3F /* Plugin */ = {
			isa = PBXNativeTarget;
			buildConfigurationList = C4E618CE095A3CE90012CA3F /* Build configuration list for PBXNativeTarget "Plugin" */;
			buildPhases = (
				C4E618C9095A3CE80012CA3F /* Sources */,
				C4E618CA095A3CE80012CA3F /* Frameworks */,
				C4E618EA095A3E040012CA3F /* Rez */,
			);
			buildRules = (
			);
			dependencies = (
			);
			name = Plugin;
			productName = gmic_ae.plugin;
			productReference = C4E618CC095A3CE80012CA3F /* gmic_ae.plugin */;
			productType = "com.apple.product-type.bundle";
		};
/* End PBXNativeTarget section */

/* Begin PBXProject section */
		C4E6187E095A3C800012CA3F /* Project object */ = {
			isa = PBXProject;
			attributes = {
				LastUpgradeCheck = 0430;
			};
			buildConfigurationList = C4E6187F095A3C800012CA3F /* Build configuration list for PBXProject "Plugin" */;
			compatibilityVersion = "Xcode 3.2";
			developmentRegion = English;
			hasScannedForEncodings = 0;
			knownRegions = (
				en,
			);
			mainGroup = C4E6187C095A3C800012CA3F;
			productRefGroup = C4E6188C095A3C800012CA3F /* Products */;
			projectDirPath = "";
			projectRoot = "";
			targets = (
				C4E618CB095A3CE80012CA3F /* Plugin */,
			);
		};
/* End PBXProject section */

/* Begin PBXRezBuildPhase section */
		C4E618EA095A3E040012CA3F /* Rez */ = {
			isa = PBXRezBuildPhase;
			buildActionMask = 2147483647;
			files = (
				D075388309940AA7000099DF /* EffectPiPL.r in Rez */,
			);
			runOnlyForDeploymentPostprocessing = 0;
		};
/* End PBXRezBuildPhase section */

/* Begin PBXSourcesBuildPhase section */
		C4E618C9095A3CE80012CA3F /* Sources */ = {
			isa = PBXSourcesBuildPhase;
			buildActionMask = 2147483647;
			files = (
				D075387F09940A81000099DF /* gmic_ae.cpp in Sources */,
				D05CB6E909C7948A0070A8DA /* AEGP_SuiteHandler.cpp in Sources */,
				D05CB6EC09C7949D0070A8DA /* MissingSuiteError.cpp in Sources */,
				D0136FE00AD2CFDD0012331F /* Smart_Utils.cpp in Sources */,
				7E24CDBE10471A4D009722BA /* AEFX_SuiteHelper.c in Sources */,
			);
			runOnlyForDeploymentPostprocessing = 0;
		};
/* End PBXSourcesBuildPhase section */

/* Begin XCBuildConfiguration section */
		C4E61880095A3C800012CA3F /* Debug */ = {
			isa = XCBuildConfiguration;
			buildSettings = {
				ARCHS = "$(ARCHS_STANDARD_64_BIT)";

				CONFIGURATION_BUILD_DIR = "$(BUILD_DIR)";
				COPY_PHASE_STRIP = YES;
				GCC_GENERATE_DEBUGGING_SYMBOLS = NO;
				GCC_MODEL_TUNING = "";
				GCC_OPTIMIZATION_LEVEL = s;
				GCC_REUSE_STRINGS = NO;
				GCC_THREADSAFE_STATICS = YES;
				GCC_WARN_ABOUT_DEPRECATED_FUNCTIONS = NO;
				GCC_WARN_ABOUT_MISSING_PROTOTYPES = NO;
				GCC_WARN_ABOUT_RETURN_TYPE = YES;
				GCC_WARN_CHECK_SWITCH_STATEMENTS = YES;
				GCC_WARN_EFFECTIVE_CPLUSPLUS_VIOLATIONS = NO;
				GCC_WARN_MISSING_PARENTHESES = YES;
				GCC_WARN_SHADOW = NO;
				GCC_WARN_UNKNOWN_PRAGMAS = NO;
				GCC_WARN_UNUSED_FUNCTION = NO;
				GCC_WARN_UNUSED_LABEL = NO;
				GCC_WARN_UNUSED_VARIABLE = YES;
				GENERATE_PROFILING_CODE = NO;
				HEADER_SEARCH_PATHS = (
					../../../../cs6/Examples/Headers,
					../../../../cs6/Examples/Util,
					../../../../cs6/Examples/Headers/SP,
					../../../../cs6/Examples/Resources,
				);
				LLVM_LTO = YES;
				MACOSX_DEPLOYMENT_TARGET = 10.7;
				ONLY_ACTIVE_ARCH = YES;
				REZ_PREPROCESSOR_DEFINITIONS = __MACH__;
				SDKROOT = macosx;
				STRIP_INSTALLED_PRODUCT = YES;
			};
			name = Debug;
		};
		C4E618CF095A3CE90012CA3F /* Debug */ = {
			isa = XCBuildConfiguration;
			buildSettings = {
				GCC_MODEL_TUNING = G5;
				GCC_PRECOMPILE_PREFIX_HEADER = YES;
				GCC_PREFIX_HEADER = "$(SYSTEM_LIBRARY_DIR)/Frameworks/Carbon.framework/Headers/Carbon.h";
				"GCC_PREPROCESSOR_DEFINITIONS[arch=*]" = DOLOG;
				GCC_THREADSAFE_STATICS = NO;
				GCC_VERSION = com.apple.compilers.llvm.clang.1_0;
				GENERATE_PKGINFO_FILE = YES;
				INFOPLIST_FILE = "gmic_ae.plugin-Info.plist";
				INFOPLIST_PREPROCESSOR_DEFINITIONS = "DOLOG,_DEBUG";
				INSTALL_PATH = "$(HOME)/Library/Bundles";
				LINK_WITH_STANDARD_LIBRARIES = YES;
				PRODUCT_NAME = Plugin;
				SDKROOT = macosx;
				WRAPPER_EXTENSION = plugin;
				ZERO_LINK = NO;
			};
			name = Debug;
		};
		CE72625417418A25008338E7 /* Release */ = {
			isa = XCBuildConfiguration;
			buildSettings = {
				ARCHS = "$(ARCHS_STANDARD_64_BIT)";
				CLANG_CXX_LANGUAGE_STANDARD = "compiler-default";
				CLANG_CXX_LIBRARY = "libc++";
				CONFIGURATION_BUILD_DIR = "$(BUILD_DIR)";
				COPY_PHASE_STRIP = YES;
				GCC_GENERATE_DEBUGGING_SYMBOLS = NO;
				GCC_MODEL_TUNING = "";
				GCC_OPTIMIZATION_LEVEL = s;
				GCC_REUSE_STRINGS = NO;
				GCC_THREADSAFE_STATICS = YES;
				GCC_WARN_ABOUT_DEPRECATED_FUNCTIONS = NO;
				GCC_WARN_ABOUT_MISSING_PROTOTYPES = NO;
				GCC_WARN_ABOUT_RETURN_TYPE = YES;
				GCC_WARN_CHECK_SWITCH_STATEMENTS = YES;
				GCC_WARN_EFFECTIVE_CPLUSPLUS_VIOLATIONS = NO;
				GCC_WARN_MISSING_PARENTHESES = YES;
				GCC_WARN_SHADOW = NO;
				GCC_WARN_UNKNOWN_PRAGMAS = NO;
				GCC_WARN_UNUSED_FUNCTION = NO;
				GCC_WARN_UNUSED_LABEL = NO;
				GCC_WARN_UNUSED_VARIABLE = YES;
				GENERATE_PROFILING_CODE = NO;
				HEADER_SEARCH_PATHS = (
					../../../../cs6/Examples/Headers,
					../../../../cs6/Examples/Util,
					../../../../cs6/Examples/Headers/SP,
					../../../../cs6/Examples/Resources,
				);
				LLVM_LTO = YES;
				MACOSX_DEPLOYMENT_TARGET = 10.7;
				ONLY_ACTIVE_ARCH = YES;
				REZ_PREPROCESSOR_DEFINITIONS = __MACH__;
				SDKROOT = macosx;
				STRIP_INSTALLED_PRODUCT = YES;
			};
			name = Release;
		};
		CE72625517418A25008338E7 /* Release */ = {
			isa = XCBuildConfiguration;
			buildSettings = {
				GCC_MODEL_TUNING = G5;
				GCC_PRECOMPILE_PREFIX_HEADER = YES;
				GCC_PREFIX_HEADER = "$(SYSTEM_LIBRARY_DIR)/Frameworks/Carbon.framework/Headers/Carbon.h";
				GCC_THREADSAFE_STATICS = NO;
				GCC_VERSION = com.apple.compilers.llvm.clang.1_0;
				GCC_WARN_ABOUT_MISSING_PROTOTYPES = NO;
				GCC_WARN_UNUSED_FUNCTION = NO;
				GENERATE_PKGINFO_FILE = YES;
				INFOPLIST_FILE = "gmic_ae.plugin-Info.plist";
				INSTALL_PATH = "$(HOME)/Library/Bundles";
				LINK_WITH_STANDARD_LIBRARIES = YES;
				PRODUCT_NAME = Plugin;
				SDKROOT = macosx;
				WRAPPER_EXTENSION = plugin;
				ZERO_LINK = NO;
			};
			name = Release;
		};
/* End XCBuildConfiguration section */

/* Begin XCConfigurationList section */
		C4E6187F095A3C800012CA3F /* Build configuration list for PBXProject "Plugin" */ = {
			isa = XCConfigurationList;
			buildConfigurations = (
				C4E61880095A3C800012CA3F /* Debug */,
				CE72625417418A25008338E7 /* Release */,
			);
			defaultConfigurationIsVisible = 1;
			defaultConfigurationName = Release;
		};
		C4E618CE095A3CE90012CA3F /* Build configuration list for PBXNativeTarget "Plugin" */ = {
			isa = XCConfigurationList;
			buildConfigurations = (
				C4E618CF095A3CE90012CA3F /* Debug */,
				CE72625517418A25008338E7 /* Release */,
			);
			defaultConfigurationIsVisible = 0;
			defaultConfigurationName = Release;
		};
/* End XCConfigurationList section */
	};
	rootObject = C4E6187E095A3C800012CA3F /* Project object */;
}
