<?xml version="1.0" encoding="utf-8"?>
<Project ToolsVersion="4.0" xmlns="http://schemas.microsoft.com/developer/msbuild/2003">
  <ItemGroup>
    <ClCompile Include="..\..\gmic_plugin.cpp" />
    <ClCompile Include="..\..\..\ThirdParty\Adobe_AfterEffects_SDK\Examples\Util\AEFX_SuiteHelper.c">
      <Filter>Adobe AE SDK</Filter>
    </ClCompile>
    <ClCompile Include="..\..\..\ThirdParty\Adobe_AfterEffects_SDK\Examples\Util\AEGP_SuiteHandler.cpp">
      <Filter>Adobe AE SDK</Filter>
    </ClCompile>
    <ClCompile Include="..\..\..\ThirdParty\Adobe_AfterEffects_SDK\Examples\Util\MissingSuiteError.cpp">
      <Filter>Adobe AE SDK</Filter>
    </ClCompile>
    <ClCompile Include="..\..\..\ThirdParty\Adobe_AfterEffects_SDK\Examples\Util\Smart_Utils.cpp">
      <Filter>Adobe AE SDK</Filter>
    </ClCompile>
  </ItemGroup>
  <ItemGroup>
    <Filter Include="Resources">
      <UniqueIdentifier>{dfcb15b3-a5d7-4896-8f3f-616b0bddeb42}</UniqueIdentifier>
    </Filter>
    <Filter Include="Header">
      <UniqueIdentifier>{a7ee1979-caf2-4682-8ec6-3f4a73c1cca4}</UniqueIdentifier>
    </Filter>
    <Filter Include="Adobe AE SDK">
      <UniqueIdentifier>{c054edbe-3482-4563-a101-e7d3ae14dbe2}</UniqueIdentifier>
    </Filter>
  </ItemGroup>
  <ItemGroup>
    <ResourceCompile Include="EffectPiPL.rc">
      <Filter>Resources</Filter>
    </ResourceCompile>
  </ItemGroup>
  <ItemGroup>
    <ClInclude Include="..\..\..\Helpers\RFX_AE_Utils.h">
      <Filter>Header</Filter>
    </ClInclude>
    <ClInclude Include="..\..\..\ThirdParty\GMIC\src\gmic_libc.h">
      <Filter>Header</Filter>
    </ClInclude>
  </ItemGroup>
  <ItemGroup>
    <None Include="..\EffectPiPL.r">
      <Filter>Resources</Filter>
    </None>
  </ItemGroup>
</Project>