Microsoft Visual Studio Solution File, Format Version 12.00
# Visual Studio 2012
Project("{8BC9CEB8-8B4A-11D0-8D11-00A0C91BC942}") = "gmic_ae", "gmic_ae.vcxproj", "{ABED98FB-AF57-40EF-878C-A99E59934721}"
EndProject
Project("{8BC9CEB8-8B4A-11D0-8D11-00A0C91BC942}") = "gmic_ae_tool", "gmic_ae_tool.vcxproj", "{462560D4-3962-4D6C-AD3F-2B0EACE4CC4A}"
EndProject
Global
	GlobalSection(SolutionConfigurationPlatforms) = preSolution
		Debug|x64 = Debug|x64
		Release|x64 = Release|x64
	EndGlobalSection
	GlobalSection(ProjectConfigurationPlatforms) = postSolution
		{ABED98FB-AF57-40EF-878C-A99E59934721}.Debug|x64.ActiveCfg = Debug|x64
		{ABED98FB-AF57-40EF-878C-A99E59934721}.Debug|x64.Build.0 = Debug|x64
		{ABED98FB-AF57-40EF-878C-A99E59934721}.Release|x64.ActiveCfg = Release|x64
		{ABED98FB-AF57-40EF-878C-A99E59934721}.Release|x64.Build.0 = Release|x64
		{462560D4-3962-4D6C-AD3F-2B0EACE4CC4A}.Debug|x64.ActiveCfg = Debug|x64
		{462560D4-3962-4D6C-AD3F-2B0EACE4CC4A}.Debug|x64.Build.0 = Debug|x64
		{462560D4-3962-4D6C-AD3F-2B0EACE4CC4A}.Release|x64.ActiveCfg = Release|x64
		{462560D4-3962-4D6C-AD3F-2B0EACE4CC4A}.Release|x64.Build.0 = Release|x64
	EndGlobalSection
	GlobalSection(SolutionProperties) = preSolution
		HideSolutionNode = FALSE
	EndGlobalSection
EndGlobal
